// !$*UTF8*$!
{
	archiveVersion = 1;
	classes = {
	};
	objectVersion = 77;
	objects = {

/* Begin PBXBuildFile section */
		462B48F22D4FA69F0036DB1A /* Auth in Frameworks */ = {isa = PBXBuildFile; productRef = 462B48F12D4FA69F0036DB1A /* Auth */; };
		462B48F42D4FA69F0036DB1A /* Functions in Frameworks */ = {isa = PBXBuildFile; productRef = 462B48F32D4FA69F0036DB1A /* Functions */; };
		462B48F62D4FA69F0036DB1A /* PostgREST in Frameworks */ = {isa = PBXBuildFile; productRef = 462B48F52D4FA69F0036DB1A /* PostgREST */; };
		462B48F82D4FA69F0036DB1A /* Realtime in Frameworks */ = {isa = PBXBuildFile; productRef = 462B48F72D4FA69F0036DB1A /* Realtime */; };
		462B48FA2D4FA69F0036DB1A /* Storage in Frameworks */ = {isa = PBXBuildFile; productRef = 462B48F92D4FA69F0036DB1A /* Storage */; };
		462B48FC2D4FA69F0036DB1A /* Supabase in Frameworks */ = {isa = PBXBuildFile; productRef = 462B48FB2D4FA69F0036DB1A /* Supabase */; };
/* End PBXBuildFile section */

/* Begin PBXContainerItemProxy section */
		462B48D42D4F92840036DB1A /* PBXContainerItemProxy */ = {
			isa = PBXContainerItemProxy;
			containerPortal = 462B48BB2D4F92830036DB1A /* Project object */;
			proxyType = 1;
			remoteGlobalIDString = 462B48C22D4F92830036DB1A;
			remoteInfo = groupDo;
		};
		462B48DE2D4F92840036DB1A /* PBXContainerItemProxy */ = {
			isa = PBXContainerItemProxy;
			containerPortal = 462B48BB2D4F92830036DB1A /* Project object */;
			proxyType = 1;
			remoteGlobalIDString = 462B48C22D4F92830036DB1A;
			remoteInfo = groupDo;
		};
/* End PBXContainerItemProxy section */

/* Begin PBXFileReference section */
		462B48C32D4F92830036DB1A /* groupDo.app */ = {isa = PBXFileReference; explicitFileType = wrapper.application; includeInIndex = 0; path = groupDo.app; sourceTree = BUILT_PRODUCTS_DIR; };
		462B48D32D4F92840036DB1A /* groupDoTests.xctest */ = {isa = PBXFileReference; explicitFileType = wrapper.cfbundle; includeInIndex = 0; path = groupDoTests.xctest; sourceTree = BUILT_PRODUCTS_DIR; };
		462B48DD2D4F92840036DB1A /* groupDoUITests.xctest */ = {isa = PBXFileReference; explicitFileType = wrapper.cfbundle; includeInIndex = 0; path = groupDoUITests.xctest; sourceTree = BUILT_PRODUCTS_DIR; };
/* End PBXFileReference section */

/* Begin PBXFileSystemSynchronizedRootGroup section */
		462B48C52D4F92830036DB1A /* groupDo */ = {
			isa = PBXFileSystemSynchronizedRootGroup;
			path = groupDo;
			sourceTree = "<group>";
		};
/* End PBXFileSystemSynchronizedRootGroup section */

/* Begin PBXFrameworksBuildPhase section */
		462B48C02D4F92830036DB1A /* Frameworks */ = {
			isa = PBXFrameworksBuildPhase;
			buildActionMask = 2147483647;
			files = (
				462B48F62D4FA69F0036DB1A /* PostgREST in Frameworks */,
				462B48F42D4FA69F0036DB1A /* Functions in Frameworks */,
				462B48FC2D4FA69F0036DB1A /* Supabase in Frameworks */,
				462B48F22D4FA69F0036DB1A /* Auth in Frameworks */,
				462B48FA2D4FA69F0036DB1A /* Storage in Frameworks */,
				462B48F82D4FA69F0036DB1A /* Realtime in Frameworks */,
			);
			runOnlyForDeploymentPostprocessing = 0;
		};
		462B48D02D4F92840036DB1A /* Frameworks */ = {
			isa = PBXFrameworksBuildPhase;
			buildActionMask = 2147483647;
			files = (
			);
			runOnlyForDeploymentPostprocessing = 0;
		};
		462B48DA2D4F92840036DB1A /* Frameworks */ = {
			isa = PBXFrameworksBuildPhase;
			buildActionMask = 2147483647;
			files = (
			);
			runOnlyForDeploymentPostprocessing = 0;
		};
/* End PBXFrameworksBuildPhase section */

/* Begin PBXGroup section */
		462B48BA2D4F92830036DB1A = {
			isa = PBXGroup;
			children = (
				462B48C52D4F92830036DB1A /* groupDo */,
				462B48C42D4F92830036DB1A /* Products */,
			);
			sourceTree = "<group>";
		};
		462B48C42D4F92830036DB1A /* Products */ = {
			isa = PBXGroup;
			children = (
				462B48C32D4F92830036DB1A /* groupDo.app */,
				462B48D32D4F92840036DB1A /* groupDoTests.xctest */,
				462B48DD2D4F92840036DB1A /* groupDoUITests.xctest */,
			);
			name = Products;
			sourceTree = "<group>";
		};
/* End PBXGroup section */

/* Begin PBXNativeTarget section */
		462B48C22D4F92830036DB1A /* groupDo */ = {
			isa = PBXNativeTarget;
			buildConfigurationList = 462B48E72D4F92840036DB1A /* Build configuration list for PBXNativeTarget "groupDo" */;
			buildPhases = (
				462B48BF2D4F92830036DB1A /* Sources */,
				462B48C02D4F92830036DB1A /* Frameworks */,
				462B48C12D4F92830036DB1A /* Resources */,
			);
			buildRules = (
			);
			dependencies = (
			);
			fileSystemSynchronizedGroups = (
				462B48C52D4F92830036DB1A /* groupDo */,
			);
			name = groupDo;
			packageProductDependencies = (
				462B48F12D4FA69F0036DB1A /* Auth */,
				462B48F32D4FA69F0036DB1A /* Functions */,
				462B48F52D4FA69F0036DB1A /* PostgREST */,
				462B48F72D4FA69F0036DB1A /* Realtime */,
				462B48F92D4FA69F0036DB1A /* Storage */,
				462B48FB2D4FA69F0036DB1A /* Supabase */,
			);
			productName = groupDo;
			productReference = 462B48C32D4F92830036DB1A /* groupDo.app */;
			productType = "com.apple.product-type.application";
		};
		462B48D22D4F92840036DB1A /* groupDoTests */ = {
			isa = PBXNativeTarget;
			buildConfigurationList = 462B48EA2D4F92840036DB1A /* Build configuration list for PBXNativeTarget "groupDoTests" */;
			buildPhases = (
				462B48CF2D4F92840036DB1A /* Sources */,
				462B48D02D4F92840036DB1A /* Frameworks */,
				462B48D12D4F92840036DB1A /* Resources */,
			);
			buildRules = (
			);
			dependencies = (
				462B48D52D4F92840036DB1A /* PBXTargetDependency */,
			);
			name = groupDoTests;
			packageProductDependencies = (
			);
			productName = groupDoTests;
			productReference = 462B48D32D4F92840036DB1A /* groupDoTests.xctest */;
			productType = "com.apple.product-type.bundle.unit-test";
		};
		462B48DC2D4F92840036DB1A /* groupDoUITests */ = {
			isa = PBXNativeTarget;
			buildConfigurationList = 462B48ED2D4F92840036DB1A /* Build configuration list for PBXNativeTarget "groupDoUITests" */;
			buildPhases = (
				462B48D92D4F92840036DB1A /* Sources */,
				462B48DA2D4F92840036DB1A /* Frameworks */,
				462B48DB2D4F92840036DB1A /* Resources */,
			);
			buildRules = (
			);
			dependencies = (
				462B48DF2D4F92840036DB1A /* PBXTargetDependency */,
			);
			name = groupDoUITests;
			packageProductDependencies = (
			);
			productName = groupDoUITests;
			productReference = 462B48DD2D4F92840036DB1A /* groupDoUITests.xctest */;
			productType = "com.apple.product-type.bundle.ui-testing";
		};
/* End PBXNativeTarget section */

/* Begin PBXProject section */
		462B48BB2D4F92830036DB1A /* Project object */ = {
			isa = PBXProject;
			attributes = {
				BuildIndependentTargetsInParallel = 1;
				LastSwiftUpdateCheck = 1620;
				LastUpgradeCheck = 1620;
				TargetAttributes = {
					462B48C22D4F92830036DB1A = {
						CreatedOnToolsVersion = 16.2;
					};
					462B48D22D4F92840036DB1A = {
						CreatedOnToolsVersion = 16.2;
						TestTargetID = 462B48C22D4F92830036DB1A;
					};
					462B48DC2D4F92840036DB1A = {
						CreatedOnToolsVersion = 16.2;
						TestTargetID = 462B48C22D4F92830036DB1A;
					};
				};
			};
			buildConfigurationList = 462B48BE2D4F92830036DB1A /* Build configuration list for PBXProject "groupDo" */;
			developmentRegion = en;
			hasScannedForEncodings = 0;
			knownRegions = (
				en,
				Base,
			);
			mainGroup = 462B48BA2D4F92830036DB1A;
			minimizedProjectReferenceProxies = 1;
			packageReferences = (
				462B48F02D4FA69F0036DB1A /* XCRemoteSwiftPackageReference "supabase-swift" */,
			);
			preferredProjectObjectVersion = 77;
			productRefGroup = 462B48C42D4F92830036DB1A /* Products */;
			projectDirPath = "";
			projectRoot = "";
			targets = (
				462B48C22D4F92830036DB1A /* groupDo */,
				462B48D22D4F92840036DB1A /* groupDoTests */,
				462B48DC2D4F92840036DB1A /* groupDoUITests */,
			);
		};
/* End PBXProject section */

/* Begin PBXResourcesBuildPhase section */
		462B48C12D4F92830036DB1A /* Resources */ = {
			isa = PBXResourcesBuildPhase;
			buildActionMask = 2147483647;
			files = (
			);
			runOnlyForDeploymentPostprocessing = 0;
		};
		462B48D12D4F92840036DB1A /* Resources */ = {
			isa = PBXResourcesBuildPhase;
			buildActionMask = 2147483647;
			files = (
			);
			runOnlyForDeploymentPostprocessing = 0;
		};
		462B48DB2D4F92840036DB1A /* Resources */ = {
			isa = PBXResourcesBuildPhase;
			buildActionMask = 2147483647;
			files = (
			);
			runOnlyForDeploymentPostprocessing = 0;
		};
/* End PBXResourcesBuildPhase section */

/* Begin PBXSourcesBuildPhase section */
		462B48BF2D4F92830036DB1A /* Sources */ = {
			isa = PBXSourcesBuildPhase;
			buildActionMask = 2147483647;
			files = (
			);
			runOnlyForDeploymentPostprocessing = 0;
		};
		462B48CF2D4F92840036DB1A /* Sources */ = {
			isa = PBXSourcesBuildPhase;
			buildActionMask = 2147483647;
			files = (
			);
			runOnlyForDeploymentPostprocessing = 0;
		};
		462B48D92D4F92840036DB1A /* Sources */ = {
			isa = PBXSourcesBuildPhase;
			buildActionMask = 2147483647;
			files = (
			);
			runOnlyForDeploymentPostprocessing = 0;
		};
/* End PBXSourcesBuildPhase section */

/* Begin PBXTargetDependency section */
		462B48D52D4F92840036DB1A /* PBXTargetDependency */ = {
			isa = PBXTargetDependency;
			target = 462B48C22D4F92830036DB1A /* groupDo */;
			targetProxy = 462B48D42D4F92840036DB1A /* PBXContainerItemProxy */;
		};
		462B48DF2D4F92840036DB1A /* PBXTargetDependency */ = {
			isa = PBXTargetDependency;
			target = 462B48C22D4F92830036DB1A /* groupDo */;
			targetProxy = 462B48DE2D4F92840036DB1A /* PBXContainerItemProxy */;
		};
/* End PBXTargetDependency section */

/* Begin XCBuildConfiguration section */
		462B48E52D4F92840036DB1A /* Debug */ = {
			isa = XCBuildConfiguration;
			buildSettings = {
				ALWAYS_SEARCH_USER_PATHS = NO;
				ASSETCATALOG_COMPILER_GENERATE_SWIFT_ASSET_SYMBOL_EXTENSIONS = YES;
				CLANG_ANALYZER_NONNULL = YES;
				CLANG_ANALYZER_NUMBER_OBJECT_CONVERSION = YES_AGGRESSIVE;
				CLANG_CXX_LANGUAGE_STANDARD = "gnu++20";
				CLANG_ENABLE_MODULES = YES;
				CLANG_ENABLE_OBJC_ARC = YES;
				CLANG_ENABLE_OBJC_WEAK = YES;
				CLANG_WARN_BLOCK_CAPTURE_AUTORELEASING = YES;
				CLANG_WARN_BOOL_CONVERSION = YES;
				CLANG_WARN_COMMA = YES;
				CLANG_WARN_CONSTANT_CONVERSION = YES;
				CLANG_WARN_DEPRECATED_OBJC_IMPLEMENTATIONS = YES;
				CLANG_WARN_DIRECT_OBJC_ISA_USAGE = YES_ERROR;
				CLANG_WARN_DOCUMENTATION_COMMENTS = YES;
				CLANG_WARN_EMPTY_BODY = YES;
				CLANG_WARN_ENUM_CONVERSION = YES;
				CLANG_WARN_INFINITE_RECURSION = YES;
				CLANG_WARN_INT_CONVERSION = YES;
				CLANG_WARN_NON_LITERAL_NULL_CONVERSION = YES;
				CLANG_WARN_OBJC_IMPLICIT_RETAIN_SELF = YES;
				CLANG_WARN_OBJC_LITERAL_CONVERSION = YES;
				CLANG_WARN_OBJC_ROOT_CLASS = YES_ERROR;
				CLANG_WARN_QUOTED_INCLUDE_IN_FRAMEWORK_HEADER = YES;
				CLANG_WARN_RANGE_LOOP_ANALYSIS = YES;
				CLANG_WARN_STRICT_PROTOTYPES = YES;
				CLANG_WARN_SUSPICIOUS_MOVE = YES;
				CLANG_WARN_UNGUARDED_AVAILABILITY = YES_AGGRESSIVE;
				CLANG_WARN_UNREACHABLE_CODE = YES;
				CLANG_WARN__DUPLICATE_METHOD_MATCH = YES;
				COPY_PHASE_STRIP = NO;
				DEBUG_INFORMATION_FORMAT = dwarf;
				ENABLE_STRICT_OBJC_MSGSEND = YES;
				ENABLE_TESTABILITY = YES;
				ENABLE_USER_SCRIPT_SANDBOXING = YES;
				GCC_C_LANGUAGE_STANDARD = gnu17;
				GCC_DYNAMIC_NO_PIC = NO;
				GCC_NO_COMMON_BLOCKS = YES;
				GCC_OPTIMIZATION_LEVEL = 0;
				GCC_PREPROCESSOR_DEFINITIONS = (
					"DEBUG=1",
					"$(inherited)",
				);
				GCC_WARN_64_TO_32_BIT_CONVERSION = YES;
				GCC_WARN_ABOUT_RETURN_TYPE = YES_ERROR;
				GCC_WARN_UNDECLARED_SELECTOR = YES;
				GCC_WARN_UNINITIALIZED_AUTOS = YES_AGGRESSIVE;
				GCC_WARN_UNUSED_FUNCTION = YES;
				GCC_WARN_UNUSED_VARIABLE = YES;
				IPHONEOS_DEPLOYMENT_TARGET = 18.2;
				LOCALIZATION_PREFERS_STRING_CATALOGS = YES;
				MTL_ENABLE_DEBUG_INFO = INCLUDE_SOURCE;
				MTL_FAST_MATH = YES;
				ONLY_ACTIVE_ARCH = YES;
				SDKROOT = iphoneos;
				SWIFT_ACTIVE_COMPILATION_CONDITIONS = "DEBUG $(inherited)";
				SWIFT_OPTIMIZATION_LEVEL = "-Onone";
			};
			name = Debug;
		};
		462B48E62D4F92840036DB1A /* Release */ = {
			isa = XCBuildConfiguration;
			buildSettings = {
				ALWAYS_SEARCH_USER_PATHS = NO;
				ASSETCATALOG_COMPILER_GENERATE_SWIFT_ASSET_SYMBOL_EXTENSIONS = YES;
				CLANG_ANALYZER_NONNULL = YES;
				CLANG_ANALYZER_NUMBER_OBJECT_CONVERSION = YES_AGGRESSIVE;
				CLANG_CXX_LANGUAGE_STANDARD = "gnu++20";
				CLANG_ENABLE_MODULES = YES;
				CLANG_ENABLE_OBJC_ARC = YES;
				CLANG_ENABLE_OBJC_WEAK = YES;
				CLANG_WARN_BLOCK_CAPTURE_AUTORELEASING = YES;
				CLANG_WARN_BOOL_CONVERSION = YES;
				CLANG_WARN_COMMA = YES;
				CLANG_WARN_CONSTANT_CONVERSION = YES;
				CLANG_WARN_DEPRECATED_OBJC_IMPLEMENTATIONS = YES;
				CLANG_WARN_DIRECT_OBJC_ISA_USAGE = YES_ERROR;
				CLANG_WARN_DOCUMENTATION_COMMENTS = YES;
				CLANG_WARN_EMPTY_BODY = YES;
				CLANG_WARN_ENUM_CONVERSION = YES;
				CLANG_WARN_INFINITE_RECURSION = YES;
				CLANG_WARN_INT_CONVERSION = YES;
				CLANG_WARN_NON_LITERAL_NULL_CONVERSION = YES;
				CLANG_WARN_OBJC_IMPLICIT_RETAIN_SELF = YES;
				CLANG_WARN_OBJC_LITERAL_CONVERSION = YES;
				CLANG_WARN_OBJC_ROOT_CLASS = YES_ERROR;
				CLANG_WARN_QUOTED_INCLUDE_IN_FRAMEWORK_HEADER = YES;
				CLANG_WARN_RANGE_LOOP_ANALYSIS = YES;
				CLANG_WARN_STRICT_PROTOTYPES = YES;
				CLANG_WARN_SUSPICIOUS_MOVE = YES;
				CLANG_WARN_UNGUARDED_AVAILABILITY = YES_AGGRESSIVE;
				CLANG_WARN_UNREACHABLE_CODE = YES;
				CLANG_WARN__DUPLICATE_METHOD_MATCH = YES;
				COPY_PHASE_STRIP = NO;
				DEBUG_INFORMATION_FORMAT = "dwarf-with-dsym";
				ENABLE_NS_ASSERTIONS = NO;
				ENABLE_STRICT_OBJC_MSGSEND = YES;
				ENABLE_USER_SCRIPT_SANDBOXING = YES;
				GCC_C_LANGUAGE_STANDARD = gnu17;
				GCC_NO_COMMON_BLOCKS = YES;
				GCC_WARN_64_TO_32_BIT_CONVERSION = YES;
				GCC_WARN_ABOUT_RETURN_TYPE = YES_ERROR;
				GCC_WARN_UNDECLARED_SELECTOR = YES;
				GCC_WARN_UNINITIALIZED_AUTOS = YES_AGGRESSIVE;
				GCC_WARN_UNUSED_FUNCTION = YES;
				GCC_WARN_UNUSED_VARIABLE = YES;
				IPHONEOS_DEPLOYMENT_TARGET = 18.2;
				LOCALIZATION_PREFERS_STRING_CATALOGS = YES;
				MTL_ENABLE_DEBUG_INFO = NO;
				MTL_FAST_MATH = YES;
				SDKROOT = iphoneos;
				SWIFT_COMPILATION_MODE = wholemodule;
				VALIDATE_PRODUCT = YES;
			};
			name = Release;
		};
		462B48E82D4F92840036DB1A /* Debug */ = {
			isa = XCBuildConfiguration;
			buildSettings = {
				ASSETCATALOG_COMPILER_APPICON_NAME = AppIcon;
				ASSETCATALOG_COMPILER_GLOBAL_ACCENT_COLOR_NAME = AccentColor;
				CODE_SIGN_STYLE = Automatic;
				CURRENT_PROJECT_VERSION = 1;
				DEVELOPMENT_ASSET_PATHS = "\"groupDo/Preview Content\"";
				DEVELOPMENT_TEAM = K469RYA62J;
				ENABLE_PREVIEWS = YES;
				GENERATE_INFOPLIST_FILE = YES;
				INFOPLIST_KEY_UIApplicationSceneManifest_Generation = YES;
				INFOPLIST_KEY_UIApplicationSupportsIndirectInputEvents = YES;
				INFOPLIST_KEY_UILaunchScreen_Generation = YES;
				INFOPLIST_KEY_UISupportedInterfaceOrientations_iPad = "UIInterfaceOrientationPortrait UIInterfaceOrientationPortraitUpsideDown UIInterfaceOrientationLandscapeLeft UIInterfaceOrientationLandscapeRight";
				INFOPLIST_KEY_UISupportedInterfaceOrientations_iPhone = "UIInterfaceOrientationPortrait UIInterfaceOrientationLandscapeLeft UIInterfaceOrientationLandscapeRight";
				LD_RUNPATH_SEARCH_PATHS = (
					"$(inherited)",
					"@executable_path/Frameworks",
				);
				MARKETING_VERSION = 1.0;
				PRODUCT_BUNDLE_IDENTIFIER = elevenate.groupDo;
				PRODUCT_NAME = "$(TARGET_NAME)";
				SWIFT_EMIT_LOC_STRINGS = YES;
				SWIFT_VERSION = 5.0;
				TARGETED_DEVICE_FAMILY = "1,2";
			};
			name = Debug;
		};
		462B48E92D4F92840036DB1A /* Release */ = {
			isa = XCBuildConfiguration;
			buildSettings = {
				ASSETCATALOG_COMPILER_APPICON_NAME = AppIcon;
				ASSETCATALOG_COMPILER_GLOBAL_ACCENT_COLOR_NAME = AccentColor;
				CODE_SIGN_STYLE = Automatic;
				CURRENT_PROJECT_VERSION = 1;
				DEVELOPMENT_ASSET_PATHS = "\"groupDo/Preview Content\"";
				DEVELOPMENT_TEAM = K469RYA62J;
				ENABLE_PREVIEWS = YES;
				GENERATE_INFOPLIST_FILE = YES;
				INFOPLIST_KEY_UIApplicationSceneManifest_Generation = YES;
				INFOPLIST_KEY_UIApplicationSupportsIndirectInputEvents = YES;
				INFOPLIST_KEY_UILaunchScreen_Generation = YES;
				INFOPLIST_KEY_UISupportedInterfaceOrientations_iPad = "UIInterfaceOrientationPortrait UIInterfaceOrientationPortraitUpsideDown UIInterfaceOrientationLandscapeLeft UIInterfaceOrientationLandscapeRight";
				INFOPLIST_KEY_UISupportedInterfaceOrientations_iPhone = "UIInterfaceOrientationPortrait UIInterfaceOrientationLandscapeLeft UIInterfaceOrientationLandscapeRight";
				LD_RUNPATH_SEARCH_PATHS = (
					"$(inherited)",
					"@executable_path/Frameworks",
				);
				MARKETING_VERSION = 1.0;
				PRODUCT_BUNDLE_IDENTIFIER = elevenate.groupDo;
				PRODUCT_NAME = "$(TARGET_NAME)";
				SWIFT_EMIT_LOC_STRINGS = YES;
				SWIFT_VERSION = 5.0;
				TARGETED_DEVICE_FAMILY = "1,2";
			};
			name = Release;
		};
		462B48EB2D4F92840036DB1A /* Debug */ = {
			isa = XCBuildConfiguration;
			buildSettings = {
				BUNDLE_LOADER = "$(TEST_HOST)";
				CODE_SIGN_STYLE = Automatic;
				CURRENT_PROJECT_VERSION = 1;
				DEVELOPMENT_TEAM = K469RYA62J;
				GENERATE_INFOPLIST_FILE = YES;
				IPHONEOS_DEPLOYMENT_TARGET = 18.2;
				MARKETING_VERSION = 1.0;
				PRODUCT_BUNDLE_IDENTIFIER = elevenate.groupDoTests;
				PRODUCT_NAME = "$(TARGET_NAME)";
				SWIFT_EMIT_LOC_STRINGS = NO;
				SWIFT_VERSION = 5.0;
				TARGETED_DEVICE_FAMILY = "1,2";
				TEST_HOST = "$(BUILT_PRODUCTS_DIR)/groupDo.app/$(BUNDLE_EXECUTABLE_FOLDER_PATH)/groupDo";
			};
			name = Debug;
		};
		462B48EC2D4F92840036DB1A /* Release */ = {
			isa = XCBuildConfiguration;
			buildSettings = {
				BUNDLE_LOADER = "$(TEST_HOST)";
				CODE_SIGN_STYLE = Automatic;
				CURRENT_PROJECT_VERSION = 1;
				DEVELOPMENT_TEAM = K469RYA62J;
				GENERATE_INFOPLIST_FILE = YES;
				IPHONEOS_DEPLOYMENT_TARGET = 18.2;
				MARKETING_VERSION = 1.0;
				PRODUCT_BUNDLE_IDENTIFIER = elevenate.groupDoTests;
				PRODUCT_NAME = "$(TARGET_NAME)";
				SWIFT_EMIT_LOC_STRINGS = NO;
				SWIFT_VERSION = 5.0;
				TARGETED_DEVICE_FAMILY = "1,2";
				TEST_HOST = "$(BUILT_PRODUCTS_DIR)/groupDo.app/$(BUNDLE_EXECUTABLE_FOLDER_PATH)/groupDo";
			};
			name = Release;
		};
		462B48EE2D4F92840036DB1A /* Debug */ = {
			isa = XCBuildConfiguration;
			buildSettings = {
				CODE_SIGN_STYLE = Automatic;
				CURRENT_PROJECT_VERSION = 1;
				DEVELOPMENT_TEAM = K469RYA62J;
				GENERATE_INFOPLIST_FILE = YES;
				MARKETING_VERSION = 1.0;
				PRODUCT_BUNDLE_IDENTIFIER = elevenate.groupDoUITests;
				PRODUCT_NAME = "$(TARGET_NAME)";
				SWIFT_EMIT_LOC_STRINGS = NO;
				SWIFT_VERSION = 5.0;
				TARGETED_DEVICE_FAMILY = "1,2";
				TEST_TARGET_NAME = groupDo;
			};
			name = Debug;
		};
		462B48EF2D4F92840036DB1A /* Release */ = {
			isa = XCBuildConfiguration;
			buildSettings = {
				CODE_SIGN_STYLE = Automatic;
				CURRENT_PROJECT_VERSION = 1;
				DEVELOPMENT_TEAM = K469RYA62J;
				GENERATE_INFOPLIST_FILE = YES;
				MARKETING_VERSION = 1.0;
				PRODUCT_BUNDLE_IDENTIFIER = elevenate.groupDoUITests;
				PRODUCT_NAME = "$(TARGET_NAME)";
				SWIFT_EMIT_LOC_STRINGS = NO;
				SWIFT_VERSION = 5.0;
				TARGETED_DEVICE_FAMILY = "1,2";
				TEST_TARGET_NAME = groupDo;
			};
			name = Release;
		};
/* End XCBuildConfiguration section */

/* Begin XCConfigurationList section */
		462B48BE2D4F92830036DB1A /* Build configuration list for PBXProject "groupDo" */ = {
			isa = XCConfigurationList;
			buildConfigurations = (
				462B48E52D4F92840036DB1A /* Debug */,
				462B48E62D4F92840036DB1A /* Release */,
			);
			defaultConfigurationIsVisible = 0;
			defaultConfigurationName = Release;
		};
		462B48E72D4F92840036DB1A /* Build configuration list for PBXNativeTarget "groupDo" */ = {
			isa = XCConfigurationList;
			buildConfigurations = (
				462B48E82D4F92840036DB1A /* Debug */,
				462B48E92D4F92840036DB1A /* Release */,
			);
			defaultConfigurationIsVisible = 0;
			defaultConfigurationName = Release;
		};
		462B48EA2D4F92840036DB1A /* Build configuration list for PBXNativeTarget "groupDoTests" */ = {
			isa = XCConfigurationList;
			buildConfigurations = (
				462B48EB2D4F92840036DB1A /* Debug */,
				462B48EC2D4F92840036DB1A /* Release */,
			);
			defaultConfigurationIsVisible = 0;
			defaultConfigurationName = Release;
		};
		462B48ED2D4F92840036DB1A /* Build configuration list for PBXNativeTarget "groupDoUITests" */ = {
			isa = XCConfigurationList;
			buildConfigurations = (
				462B48EE2D4F92840036DB1A /* Debug */,
				462B48EF2D4F92840036DB1A /* Release */,
			);
			defaultConfigurationIsVisible = 0;
			defaultConfigurationName = Release;
		};
/* End XCConfigurationList section */

/* Begin XCRemoteSwiftPackageReference section */
		462B48F02D4FA69F0036DB1A /* XCRemoteSwiftPackageReference "supabase-swift" */ = {
			isa = XCRemoteSwiftPackageReference;
			repositoryURL = "https://github.com/supabase-community/supabase-swift.git";
			requirement = {
				kind = upToNextMajorVersion;
				minimumVersion = 2.5.1;
			};
		};
/* End XCRemoteSwiftPackageReference section */

/* Begin XCSwiftPackageProductDependency section */
		462B48F12D4FA69F0036DB1A /* Auth */ = {
			isa = XCSwiftPackageProductDependency;
			package = 462B48F02D4FA69F0036DB1A /* XCRemoteSwiftPackageReference "supabase-swift" */;
			productName = Auth;
		};
		462B48F32D4FA69F0036DB1A /* Functions */ = {
			isa = XCSwiftPackageProductDependency;
			package = 462B48F02D4FA69F0036DB1A /* XCRemoteSwiftPackageReference "supabase-swift" */;
			productName = Functions;
		};
		462B48F52D4FA69F0036DB1A /* PostgREST */ = {
			isa = XCSwiftPackageProductDependency;
			package = 462B48F02D4FA69F0036DB1A /* XCRemoteSwiftPackageReference "supabase-swift" */;
			productName = PostgREST;
		};
		462B48F72D4FA69F0036DB1A /* Realtime */ = {
			isa = XCSwiftPackageProductDependency;
			package = 462B48F02D4FA69F0036DB1A /* XCRemoteSwiftPackageReference "supabase-swift" */;
			productName = Realtime;
		};
		462B48F92D4FA69F0036DB1A /* Storage */ = {
			isa = XCSwiftPackageProductDependency;
			package = 462B48F02D4FA69F0036DB1A /* XCRemoteSwiftPackageReference "supabase-swift" */;
			productName = Storage;
		};
		462B48FB2D4FA69F0036DB1A /* Supabase */ = {
			isa = XCSwiftPackageProductDependency;
			package = 462B48F02D4FA69F0036DB1A /* XCRemoteSwiftPackageReference "supabase-swift" */;
			productName = Supabase;
		};
/* End XCSwiftPackageProductDependency section */
	};
	rootObject = 462B48BB2D4F92830036DB1A /* Project object */;
}
